
Microsoft Visual Studio Solution File, Format Version 12.00
# Visual Studio Version 17
VisualStudioVersion = 17.5.33209.295
MinimumVisualStudioVersion = 10.0.40219.1
Project("{FAE04EC0-301F-11D3-BF4B-00C04F79EFBC}") = "DichotomySearch", "DichotomySearch\DichotomySearch.csproj", "{244CE5B4-DD42-46FE-B54D-32371CADEC12}"
EndProject
Global
	GlobalSection(SolutionConfigurationPlatforms) = preSolution
		Debug|Any CPU = Debug|Any CPU
		Release|Any CPU = Release|Any CPU
	EndGlobalSection
	GlobalSection(ProjectConfigurationPlatforms) = postSolution
		{244CE5B4-DD42-46FE-B54D-32371CADEC12}.Debug|Any CPU.ActiveCfg = Debug|Any CPU
		{244CE5B4-DD42-46FE-B54D-32371CADEC12}.Debug|Any CPU.Build.0 = Debug|Any CPU
		{244CE5B4-DD42-46FE-B54D-32371CADEC12}.Release|Any CPU.ActiveCfg = Release|Any CPU
		{244CE5B4-DD42-46FE-B54D-32371CADEC12}.Release|Any CPU.Build.0 = Release|Any CPU
	EndGlobalSection
	GlobalSection(SolutionProperties) = preSolution
		HideSolutionNode = FALSE
	EndGlobalSection
	GlobalSection(ExtensibilityGlobals) = postSolution
		SolutionGuid = {B0F13E7E-9604-4995-9B0E-77721DA9B01C}
	EndGlobalSection
EndGlobal
